
Microsoft Visual Studio Solution File, Format Version 12.00
# Visual Studio Version 17
VisualStudioVersion = 17.7.34221.43
MinimumVisualStudioVersion = 10.0.40219.1
Project("{FAE04EC0-301F-11D3-BF4B-00C04F79EFBC}") = "Librerias_HACB", "Librerias_HACB.csproj", "{68FE86F6-1C01-4F31-9CEE-A6D0589AE4A6}"
EndProject
Global
	GlobalSection(SolutionConfigurationPlatforms) = preSolution
		Debug|Any CPU = Debug|Any CPU
		Release|Any CPU = Release|Any CPU
	EndGlobalSection
	GlobalSection(ProjectConfigurationPlatforms) = postSolution
		{68FE86F6-1C01-4F31-9CEE-A6D0589AE4A6}.Debug|Any CPU.ActiveCfg = Debug|Any CPU
		{68FE86F6-1C01-4F31-9CEE-A6D0589AE4A6}.Debug|Any CPU.Build.0 = Debug|Any CPU
		{68FE86F6-1C01-4F31-9CEE-A6D0589AE4A6}.Release|Any CPU.ActiveCfg = Release|Any CPU
		{68FE86F6-1C01-4F31-9CEE-A6D0589AE4A6}.Release|Any CPU.Build.0 = Release|Any CPU
	EndGlobalSection
	GlobalSection(SolutionProperties) = preSolution
		HideSolutionNode = FALSE
	EndGlobalSection
	GlobalSection(ExtensibilityGlobals) = postSolution
		SolutionGuid = {7F612044-9B53-49C6-AC4D-0A1886DF4120}
	EndGlobalSection
EndGlobal
